{
  "object": {
    "pins": [
      {
        "package": "Networking",
        "repositoryURL": "https://github.com/3lvis/Networking.git",
        "state": {
          "branch": null,
          "revision": "dde4d21fcc774d988da1f842bc4582ce7f9593c2",
          "version": "5.1.0"
        }
      },
      {
        "package": "SWXMLHash",
        "repositoryURL": "https://github.com/drmohundro/SWXMLHash.git",
        "state": {
          "branch": null,
          "revision": "a4931e5c3bafbedeb1601d3bb76bbe835c6d475a",
          "version": "5.0.1"
        }
      },
      {
        "package": "WebDAV",
        "repositoryURL": "https://github.com/Isvvc/WebDAV-Swift.git",
        "state": {
          "branch": null,
          "revision": "517942af0b4b68dfdff9b4d975fe840223dc31ef",
          "version": "1.1.0"
        }
      }
    ]
  },
  "version": 1
}
