{
  "object": {
    "pins": [
      {
        "package": "KeychainSwift",
        "repositoryURL": "https://github.com/evgenyneu/keychain-swift.git",
        "state": {
          "branch": null,
          "revision": "96fb84f45a96630e7583903bd7e08cf095c7a7ef",
          "version": "19.0.0"
        }
      },
      {
        "package": "Networking",
        "repositoryURL": "https://github.com/3lvis/Networking.git",
        "state": {
          "branch": null,
          "revision": "dde4d21fcc774d988da1f842bc4582ce7f9593c2",
          "version": "5.1.0"
        }
      },
      {
        "package": "SWXMLHash",
        "repositoryURL": "https://github.com/drmohundro/SWXMLHash.git",
        "state": {
          "branch": null,
          "revision": "a4931e5c3bafbedeb1601d3bb76bbe835c6d475a",
          "version": "5.0.1"
        }
      },
      {
        "package": "WebDAV",
        "repositoryURL": "https://github.com/Isvvc/WebDAV-Swift.git",
        "state": {
          "branch": "main",
          "revision": "a7dce4e62d07868557ed1cc3841d5d0155c404f6",
          "version": null
        }
      }
    ]
  },
  "version": 1
}
